
Microsoft Visual Studio Solution File, Format Version 12.00
# Visual Studio Version 16
VisualStudioVersion = 16.0.30114.105
MinimumVisualStudioVersion = 10.0.40219.1
Project("{FAE04EC0-301F-11D3-BF4B-00C04F79EFBC}") = "Creditos", "Creditos\Creditos.csproj", "{ECD31EAF-A8D3-4796-9E93-08A6CC68BE34}"
EndProject
Project("{FAE04EC0-301F-11D3-BF4B-00C04F79EFBC}") = "Datos", "Datos\Datos.csproj", "{FF8A44CA-00E0-4ED4-8A6E-B54C111EEB89}"
EndProject
Project("{FAE04EC0-301F-11D3-BF4B-00C04F79EFBC}") = "Logica", "Logica\Logica.csproj", "{1EEA2CE1-15F6-47A1-9A28-ABF1FFA58C05}"
EndProject
Project("{FAE04EC0-301F-11D3-BF4B-00C04F79EFBC}") = "Entity", "Entity\Entity.csproj", "{2595B9A8-5688-4716-91C2-4D7F702575C6}"
EndProject
Global
	GlobalSection(SolutionConfigurationPlatforms) = preSolution
		Debug|Any CPU = Debug|Any CPU
		Debug|x64 = Debug|x64
		Debug|x86 = Debug|x86
		Release|Any CPU = Release|Any CPU
		Release|x64 = Release|x64
		Release|x86 = Release|x86
	EndGlobalSection
	GlobalSection(SolutionProperties) = preSolution
		HideSolutionNode = FALSE
	EndGlobalSection
	GlobalSection(ProjectConfigurationPlatforms) = postSolution
		{ECD31EAF-A8D3-4796-9E93-08A6CC68BE34}.Debug|Any CPU.ActiveCfg = Debug|Any CPU
		{ECD31EAF-A8D3-4796-9E93-08A6CC68BE34}.Debug|Any CPU.Build.0 = Debug|Any CPU
		{ECD31EAF-A8D3-4796-9E93-08A6CC68BE34}.Debug|x64.ActiveCfg = Debug|Any CPU
		{ECD31EAF-A8D3-4796-9E93-08A6CC68BE34}.Debug|x64.Build.0 = Debug|Any CPU
		{ECD31EAF-A8D3-4796-9E93-08A6CC68BE34}.Debug|x86.ActiveCfg = Debug|Any CPU
		{ECD31EAF-A8D3-4796-9E93-08A6CC68BE34}.Debug|x86.Build.0 = Debug|Any CPU
		{ECD31EAF-A8D3-4796-9E93-08A6CC68BE34}.Release|Any CPU.ActiveCfg = Release|Any CPU
		{ECD31EAF-A8D3-4796-9E93-08A6CC68BE34}.Release|Any CPU.Build.0 = Release|Any CPU
		{ECD31EAF-A8D3-4796-9E93-08A6CC68BE34}.Release|x64.ActiveCfg = Release|Any CPU
		{ECD31EAF-A8D3-4796-9E93-08A6CC68BE34}.Release|x64.Build.0 = Release|Any CPU
		{ECD31EAF-A8D3-4796-9E93-08A6CC68BE34}.Release|x86.ActiveCfg = Release|Any CPU
		{ECD31EAF-A8D3-4796-9E93-08A6CC68BE34}.Release|x86.Build.0 = Release|Any CPU
		{FF8A44CA-00E0-4ED4-8A6E-B54C111EEB89}.Debug|Any CPU.ActiveCfg = Debug|Any CPU
		{FF8A44CA-00E0-4ED4-8A6E-B54C111EEB89}.Debug|Any CPU.Build.0 = Debug|Any CPU
		{FF8A44CA-00E0-4ED4-8A6E-B54C111EEB89}.Debug|x64.ActiveCfg = Debug|Any CPU
		{FF8A44CA-00E0-4ED4-8A6E-B54C111EEB89}.Debug|x64.Build.0 = Debug|Any CPU
		{FF8A44CA-00E0-4ED4-8A6E-B54C111EEB89}.Debug|x86.ActiveCfg = Debug|Any CPU
		{FF8A44CA-00E0-4ED4-8A6E-B54C111EEB89}.Debug|x86.Build.0 = Debug|Any CPU
		{FF8A44CA-00E0-4ED4-8A6E-B54C111EEB89}.Release|Any CPU.ActiveCfg = Release|Any CPU
		{FF8A44CA-00E0-4ED4-8A6E-B54C111EEB89}.Release|Any CPU.Build.0 = Release|Any CPU
		{FF8A44CA-00E0-4ED4-8A6E-B54C111EEB89}.Release|x64.ActiveCfg = Release|Any CPU
		{FF8A44CA-00E0-4ED4-8A6E-B54C111EEB89}.Release|x64.Build.0 = Release|Any CPU
		{FF8A44CA-00E0-4ED4-8A6E-B54C111EEB89}.Release|x86.ActiveCfg = Release|Any CPU
		{FF8A44CA-00E0-4ED4-8A6E-B54C111EEB89}.Release|x86.Build.0 = Release|Any CPU
		{1EEA2CE1-15F6-47A1-9A28-ABF1FFA58C05}.Debug|Any CPU.ActiveCfg = Debug|Any CPU
		{1EEA2CE1-15F6-47A1-9A28-ABF1FFA58C05}.Debug|Any CPU.Build.0 = Debug|Any CPU
		{1EEA2CE1-15F6-47A1-9A28-ABF1FFA58C05}.Debug|x64.ActiveCfg = Debug|Any CPU
		{1EEA2CE1-15F6-47A1-9A28-ABF1FFA58C05}.Debug|x64.Build.0 = Debug|Any CPU
		{1EEA2CE1-15F6-47A1-9A28-ABF1FFA58C05}.Debug|x86.ActiveCfg = Debug|Any CPU
		{1EEA2CE1-15F6-47A1-9A28-ABF1FFA58C05}.Debug|x86.Build.0 = Debug|Any CPU
		{1EEA2CE1-15F6-47A1-9A28-ABF1FFA58C05}.Release|Any CPU.ActiveCfg = Release|Any CPU
		{1EEA2CE1-15F6-47A1-9A28-ABF1FFA58C05}.Release|Any CPU.Build.0 = Release|Any CPU
		{1EEA2CE1-15F6-47A1-9A28-ABF1FFA58C05}.Release|x64.ActiveCfg = Release|Any CPU
		{1EEA2CE1-15F6-47A1-9A28-ABF1FFA58C05}.Release|x64.Build.0 = Release|Any CPU
		{1EEA2CE1-15F6-47A1-9A28-ABF1FFA58C05}.Release|x86.ActiveCfg = Release|Any CPU
		{1EEA2CE1-15F6-47A1-9A28-ABF1FFA58C05}.Release|x86.Build.0 = Release|Any CPU
		{2595B9A8-5688-4716-91C2-4D7F702575C6}.Debug|Any CPU.ActiveCfg = Debug|Any CPU
		{2595B9A8-5688-4716-91C2-4D7F702575C6}.Debug|Any CPU.Build.0 = Debug|Any CPU
		{2595B9A8-5688-4716-91C2-4D7F702575C6}.Debug|x64.ActiveCfg = Debug|Any CPU
		{2595B9A8-5688-4716-91C2-4D7F702575C6}.Debug|x64.Build.0 = Debug|Any CPU
		{2595B9A8-5688-4716-91C2-4D7F702575C6}.Debug|x86.ActiveCfg = Debug|Any CPU
		{2595B9A8-5688-4716-91C2-4D7F702575C6}.Debug|x86.Build.0 = Debug|Any CPU
		{2595B9A8-5688-4716-91C2-4D7F702575C6}.Release|Any CPU.ActiveCfg = Release|Any CPU
		{2595B9A8-5688-4716-91C2-4D7F702575C6}.Release|Any CPU.Build.0 = Release|Any CPU
		{2595B9A8-5688-4716-91C2-4D7F702575C6}.Release|x64.ActiveCfg = Release|Any CPU
		{2595B9A8-5688-4716-91C2-4D7F702575C6}.Release|x64.Build.0 = Release|Any CPU
		{2595B9A8-5688-4716-91C2-4D7F702575C6}.Release|x86.ActiveCfg = Release|Any CPU
		{2595B9A8-5688-4716-91C2-4D7F702575C6}.Release|x86.Build.0 = Release|Any CPU
	EndGlobalSection
EndGlobal
